// !$*UTF8*$!
{
	archiveVersion = 1;
	classes = {
	};
	objectVersion = 46;
	objects = {

/* Begin PBXBuildFile section */
		247C1B661BE0610E005F90C4 /* main.m in Sources */ = {isa = PBXBuildFile; fileRef = 247C1B651BE0610E005F90C4 /* main.m */; };
		247C1B691BE0610E005F90C4 /* AppDelegate.m in Sources */ = {isa = PBXBuildFile; fileRef = 247C1B681BE0610E005F90C4 /* AppDelegate.m */; };
		247C1B6C1BE0610E005F90C4 /* ViewController.m in Sources */ = {isa = PBXBuildFile; fileRef = 247C1B6B1BE0610E005F90C4 /* ViewController.m */; };
		247C1B6F1BE0610E005F90C4 /* Main.storyboard in Resources */ = {isa = PBXBuildFile; fileRef = 247C1B6D1BE0610E005F90C4 /* Main.storyboard */; };
		247C1B711BE0610E005F90C4 /* Assets.xcassets in Resources */ = {isa = PBXBuildFile; fileRef = 247C1B701BE0610E005F90C4 /* Assets.xcassets */; };
		247C1B741BE0610E005F90C4 /* LaunchScreen.storyboard in Resources */ = {isa = PBXBuildFile; fileRef = 247C1B721BE0610E005F90C4 /* LaunchScreen.storyboard */; };
		247C1B7F1BE0610E005F90C4 /* WcxinTests.m in Sources */ = {isa = PBXBuildFile; fileRef = 247C1B7E1BE0610E005F90C4 /* WcxinTests.m */; };
		247C1B8A1BE0610E005F90C4 /* WcxinUITests.m in Sources */ = {isa = PBXBuildFile; fileRef = 247C1B891BE0610E005F90C4 /* WcxinUITests.m */; };
/* End PBXBuildFile section */

/* Begin PBXContainerItemProxy section */
		247C1B7B1BE0610E005F90C4 /* PBXContainerItemProxy */ = {
			isa = PBXContainerItemProxy;
			containerPortal = 247C1B591BE0610E005F90C4 /* Project object */;
			proxyType = 1;
			remoteGlobalIDString = 247C1B601BE0610E005F90C4;
			remoteInfo = Wcxin;
		};
		247C1B861BE0610E005F90C4 /* PBXContainerItemProxy */ = {
			isa = PBXContainerItemProxy;
			containerPortal = 247C1B591BE0610E005F90C4 /* Project object */;
			proxyType = 1;
			remoteGlobalIDString = 247C1B601BE0610E005F90C4;
			remoteInfo = Wcxin;
		};
/* End PBXContainerItemProxy section */

/* Begin PBXFileReference section */
		247C1B611BE0610E005F90C4 /* Wcxin.app */ = {isa = PBXFileReference; explicitFileType = wrapper.application; includeInIndex = 0; path = Wcxin.app; sourceTree = BUILT_PRODUCTS_DIR; };
		247C1B651BE0610E005F90C4 /* main.m */ = {isa = PBXFileReference; lastKnownFileType = sourcecode.c.objc; path = main.m; sourceTree = "<group>"; };
		247C1B671BE0610E005F90C4 /* AppDelegate.h */ = {isa = PBXFileReference; lastKnownFileType = sourcecode.c.h; path = AppDelegate.h; sourceTree = "<group>"; };
		247C1B681BE0610E005F90C4 /* AppDelegate.m */ = {isa = PBXFileReference; lastKnownFileType = sourcecode.c.objc; path = AppDelegate.m; sourceTree = "<group>"; };
		247C1B6A1BE0610E005F90C4 /* ViewController.h */ = {isa = PBXFileReference; lastKnownFileType = sourcecode.c.h; path = ViewController.h; sourceTree = "<group>"; };
		247C1B6B1BE0610E005F90C4 /* ViewController.m */ = {isa = PBXFileReference; lastKnownFileType = sourcecode.c.objc; path = ViewController.m; sourceTree = "<group>"; };
		247C1B6E1BE0610E005F90C4 /* Base */ = {isa = PBXFileReference; lastKnownFileType = file.storyboard; name = Base; path = Base.lproj/Main.storyboard; sourceTree = "<group>"; };
		247C1B701BE0610E005F90C4 /* Assets.xcassets */ = {isa = PBXFileReference; lastKnownFileType = folder.assetcatalog; path = Assets.xcassets; sourceTree = "<group>"; };
		247C1B731BE0610E005F90C4 /* Base */ = {isa = PBXFileReference; lastKnownFileType = file.storyboard; name = Base; path = Base.lproj/LaunchScreen.storyboard; sourceTree = "<group>"; };
		247C1B751BE0610E005F90C4 /* Info.plist */ = {isa = PBXFileReference; lastKnownFileType = text.plist.xml; path = Info.plist; sourceTree = "<group>"; };
		247C1B7A1BE0610E005F90C4 /* WcxinTests.xctest */ = {isa = PBXFileReference; explicitFileType = wrapper.cfbundle; includeInIndex = 0; path = WcxinTests.xctest; sourceTree = BUILT_PRODUCTS_DIR; };
		247C1B7E1BE0610E005F90C4 /* WcxinTests.m */ = {isa = PBXFileReference; lastKnownFileType = sourcecode.c.objc; path = WcxinTests.m; sourceTree = "<group>"; };
		247C1B801BE0610E005F90C4 /* Info.plist */ = {isa = PBXFileReference; lastKnownFileType = text.plist.xml; path = Info.plist; sourceTree = "<group>"; };
		247C1B851BE0610E005F90C4 /* WcxinUITests.xctest */ = {isa = PBXFileReference; explicitFileType = wrapper.cfbundle; includeInIndex = 0; path = WcxinUITests.xctest; sourceTree = BUILT_PRODUCTS_DIR; };
		247C1B891BE0610E005F90C4 /* WcxinUITests.m */ = {isa = PBXFileReference; lastKnownFileType = sourcecode.c.objc; path = WcxinUITests.m; sourceTree = "<group>"; };
		247C1B8B1BE0610E005F90C4 /* Info.plist */ = {isa = PBXFileReference; lastKnownFileType = text.plist.xml; path = Info.plist; sourceTree = "<group>"; };
/* End PBXFileReference section */

/* Begin PBXFrameworksBuildPhase section */
		247C1B5E1BE0610E005F90C4 /* Frameworks */ = {
			isa = PBXFrameworksBuildPhase;
			buildActionMask = 2147483647;
			files = (
			);
			runOnlyForDeploymentPostprocessing = 0;
		};
		247C1B771BE0610E005F90C4 /* Frameworks */ = {
			isa = PBXFrameworksBuildPhase;
			buildActionMask = 2147483647;
			files = (
			);
			runOnlyForDeploymentPostprocessing = 0;
		};
		247C1B821BE0610E005F90C4 /* Frameworks */ = {
			isa = PBXFrameworksBuildPhase;
			buildActionMask = 2147483647;
			files = (
			);
			runOnlyForDeploymentPostprocessing = 0;
		};
/* End PBXFrameworksBuildPhase section */

/* Begin PBXGroup section */
		247C1B581BE0610E005F90C4 = {
			isa = PBXGroup;
			children = (
				247C1B631BE0610E005F90C4 /* Wcxin */,
				247C1B7D1BE0610E005F90C4 /* WcxinTests */,
				247C1B881BE0610E005F90C4 /* WcxinUITests */,
				247C1B621BE0610E005F90C4 /* Products */,
			);
			sourceTree = "<group>";
		};
		247C1B621BE0610E005F90C4 /* Products */ = {
			isa = PBXGroup;
			children = (
				247C1B611BE0610E005F90C4 /* Wcxin.app */,
				247C1B7A1BE0610E005F90C4 /* WcxinTests.xctest */,
				247C1B851BE0610E005F90C4 /* WcxinUITests.xctest */,
			);
			name = Products;
			sourceTree = "<group>";
		};
		247C1B631BE0610E005F90C4 /* Wcxin */ = {
			isa = PBXGroup;
			children = (
				247C1B671BE0610E005F90C4 /* AppDelegate.h */,
				247C1B681BE0610E005F90C4 /* AppDelegate.m */,
				247C1B6A1BE0610E005F90C4 /* ViewController.h */,
				247C1B6B1BE0610E005F90C4 /* ViewController.m */,
				247C1B6D1BE0610E005F90C4 /* Main.storyboard */,
				247C1B701BE0610E005F90C4 /* Assets.xcassets */,
				247C1B721BE0610E005F90C4 /* LaunchScreen.storyboard */,
				247C1B751BE0610E005F90C4 /* Info.plist */,
				247C1B641BE0610E005F90C4 /* Supporting Files */,
			);
			path = Wcxin;
			sourceTree = "<group>";
		};
		247C1B641BE0610E005F90C4 /* Supporting Files */ = {
			isa = PBXGroup;
			children = (
				247C1B651BE0610E005F90C4 /* main.m */,
			);
			name = "Supporting Files";
			sourceTree = "<group>";
		};
		247C1B7D1BE0610E005F90C4 /* WcxinTests */ = {
			isa = PBXGroup;
			children = (
				247C1B7E1BE0610E005F90C4 /* WcxinTests.m */,
				247C1B801BE0610E005F90C4 /* Info.plist */,
			);
			path = WcxinTests;
			sourceTree = "<group>";
		};
		247C1B881BE0610E005F90C4 /* WcxinUITests */ = {
			isa = PBXGroup;
			children = (
				247C1B891BE0610E005F90C4 /* WcxinUITests.m */,
				247C1B8B1BE0610E005F90C4 /* Info.plist */,
			);
			path = WcxinUITests;
			sourceTree = "<group>";
		};
/* End PBXGroup section */

/* Begin PBXNativeTarget section */
		247C1B601BE0610E005F90C4 /* Wcxin */ = {
			isa = PBXNativeTarget;
			buildConfigurationList = 247C1B8E1BE0610E005F90C4 /* Build configuration list for PBXNativeTarget "Wcxin" */;
			buildPhases = (
				247C1B5D1BE0610E005F90C4 /* Sources */,
				247C1B5E1BE0610E005F90C4 /* Frameworks */,
				247C1B5F1BE0610E005F90C4 /* Resources */,
			);
			buildRules = (
			);
			dependencies = (
			);
			name = Wcxin;
			productName = Wcxin;
			productReference = 247C1B611BE0610E005F90C4 /* Wcxin.app */;
			productType = "com.apple.product-type.application";
		};
		247C1B791BE0610E005F90C4 /* WcxinTests */ = {
			isa = PBXNativeTarget;
			buildConfigurationList = 247C1B911BE0610E005F90C4 /* Build configuration list for PBXNativeTarget "WcxinTests" */;
			buildPhases = (
				247C1B761BE0610E005F90C4 /* Sources */,
				247C1B771BE0610E005F90C4 /* Frameworks */,
				247C1B781BE0610E005F90C4 /* Resources */,
			);
			buildRules = (
			);
			dependencies = (
				247C1B7C1BE0610E005F90C4 /* PBXTargetDependency */,
			);
			name = WcxinTests;
			productName = WcxinTests;
			productReference = 247C1B7A1BE0610E005F90C4 /* WcxinTests.xctest */;
			productType = "com.apple.product-type.bundle.unit-test";
		};
		247C1B841BE0610E005F90C4 /* WcxinUITests */ = {
			isa = PBXNativeTarget;
			buildConfigurationList = 247C1B941BE0610E005F90C4 /* Build configuration list for PBXNativeTarget "WcxinUITests" */;
			buildPhases = (
				247C1B811BE0610E005F90C4 /* Sources */,
				247C1B821BE0610E005F90C4 /* Frameworks */,
				247C1B831BE0610E005F90C4 /* Resources */,
			);
			buildRules = (
			);
			dependencies = (
				247C1B871BE0610E005F90C4 /* PBXTargetDependency */,
			);
			name = WcxinUITests;
			productName = WcxinUITests;
			productReference = 247C1B851BE0610E005F90C4 /* WcxinUITests.xctest */;
			productType = "com.apple.product-type.bundle.ui-testing";
		};
/* End PBXNativeTarget section */

/* Begin PBXProject section */
		247C1B591BE0610E005F90C4 /* Project object */ = {
			isa = PBXProject;
			attributes = {
				LastUpgradeCheck = 0710;
				ORGANIZATIONNAME = fosung;
				TargetAttributes = {
					247C1B601BE0610E005F90C4 = {
						CreatedOnToolsVersion = 7.1;
					};
					247C1B791BE0610E005F90C4 = {
						CreatedOnToolsVersion = 7.1;
						TestTargetID = 247C1B601BE0610E005F90C4;
					};
					247C1B841BE0610E005F90C4 = {
						CreatedOnToolsVersion = 7.1;
						TestTargetID = 247C1B601BE0610E005F90C4;
					};
				};
			};
			buildConfigurationList = 247C1B5C1BE0610E005F90C4 /* Build configuration list for PBXProject "Wcxin" */;
			compatibilityVersion = "Xcode 3.2";
			developmentRegion = English;
			hasScannedForEncodings = 0;
			knownRegions = (
				en,
				Base,
			);
			mainGroup = 247C1B581BE0610E005F90C4;
			productRefGroup = 247C1B621BE0610E005F90C4 /* Products */;
			projectDirPath = "";
			projectRoot = "";
			targets = (
				247C1B601BE0610E005F90C4 /* Wcxin */,
				247C1B791BE0610E005F90C4 /* WcxinTests */,
				247C1B841BE0610E005F90C4 /* WcxinUITests */,
			);
		};
/* End PBXProject section */

/* Begin PBXResourcesBuildPhase section */
		247C1B5F1BE0610E005F90C4 /* Resources */ = {
			isa = PBXResourcesBuildPhase;
			buildActionMask = 2147483647;
			files = (
				247C1B741BE0610E005F90C4 /* LaunchScreen.storyboard in Resources */,
				247C1B711BE0610E005F90C4 /* Assets.xcassets in Resources */,
				247C1B6F1BE0610E005F90C4 /* Main.storyboard in Resources */,
			);
			runOnlyForDeploymentPostprocessing = 0;
		};
		247C1B781BE0610E005F90C4 /* Resources */ = {
			isa = PBXResourcesBuildPhase;
			buildActionMask = 2147483647;
			files = (
			);
			runOnlyForDeploymentPostprocessing = 0;
		};
		247C1B831BE0610E005F90C4 /* Resources */ = {
			isa = PBXResourcesBuildPhase;
			buildActionMask = 2147483647;
			files = (
			);
			runOnlyForDeploymentPostprocessing = 0;
		};
/* End PBXResourcesBuildPhase section */

/* Begin PBXSourcesBuildPhase section */
		247C1B5D1BE0610E005F90C4 /* Sources */ = {
			isa = PBXSourcesBuildPhase;
			buildActionMask = 2147483647;
			files = (
				247C1B6C1BE0610E005F90C4 /* ViewController.m in Sources */,
				247C1B691BE0610E005F90C4 /* AppDelegate.m in Sources */,
				247C1B661BE0610E005F90C4 /* main.m in Sources */,
			);
			runOnlyForDeploymentPostprocessing = 0;
		};
		247C1B761BE0610E005F90C4 /* Sources */ = {
			isa = PBXSourcesBuildPhase;
			buildActionMask = 2147483647;
			files = (
				247C1B7F1BE0610E005F90C4 /* WcxinTests.m in Sources */,
			);
			runOnlyForDeploymentPostprocessing = 0;
		};
		247C1B811BE0610E005F90C4 /* Sources */ = {
			isa = PBXSourcesBuildPhase;
			buildActionMask = 2147483647;
			files = (
				247C1B8A1BE0610E005F90C4 /* WcxinUITests.m in Sources */,
			);
			runOnlyForDeploymentPostprocessing = 0;
		};
/* End PBXSourcesBuildPhase section */

/* Begin PBXTargetDependency section */
		247C1B7C1BE0610E005F90C4 /* PBXTargetDependency */ = {
			isa = PBXTargetDependency;
			target = 247C1B601BE0610E005F90C4 /* Wcxin */;
			targetProxy = 247C1B7B1BE0610E005F90C4 /* PBXContainerItemProxy */;
		};
		247C1B871BE0610E005F90C4 /* PBXTargetDependency */ = {
			isa = PBXTargetDependency;
			target = 247C1B601BE0610E005F90C4 /* Wcxin */;
			targetProxy = 247C1B861BE0610E005F90C4 /* PBXContainerItemProxy */;
		};
/* End PBXTargetDependency section */

/* Begin PBXVariantGroup section */
		247C1B6D1BE0610E005F90C4 /* Main.storyboard */ = {
			isa = PBXVariantGroup;
			children = (
				247C1B6E1BE0610E005F90C4 /* Base */,
			);
			name = Main.storyboard;
			sourceTree = "<group>";
		};
		247C1B721BE0610E005F90C4 /* LaunchScreen.storyboard */ = {
			isa = PBXVariantGroup;
			children = (
				247C1B731BE0610E005F90C4 /* Base */,
			);
			name = LaunchScreen.storyboard;
			sourceTree = "<group>";
		};
/* End PBXVariantGroup section */

/* Begin XCBuildConfiguration section */
		247C1B8C1BE0610E005F90C4 /* Debug */ = {
			isa = XCBuildConfiguration;
			buildSettings = {
				ALWAYS_SEARCH_USER_PATHS = NO;
				CLANG_CXX_LANGUAGE_STANDARD = "gnu++0x";
				CLANG_CXX_LIBRARY = "libc++";
				CLANG_ENABLE_MODULES = YES;
				CLANG_ENABLE_OBJC_ARC = YES;
				CLANG_WARN_BOOL_CONVERSION = YES;
				CLANG_WARN_CONSTANT_CONVERSION = YES;
				CLANG_WARN_DIRECT_OBJC_ISA_USAGE = YES_ERROR;
				CLANG_WARN_EMPTY_BODY = YES;
				CLANG_WARN_ENUM_CONVERSION = YES;
				CLANG_WARN_INT_CONVERSION = YES;
				CLANG_WARN_OBJC_ROOT_CLASS = YES_ERROR;
				CLANG_WARN_UNREACHABLE_CODE = YES;
				CLANG_WARN__DUPLICATE_METHOD_MATCH = YES;
				"CODE_SIGN_IDENTITY[sdk=iphoneos*]" = "iPhone Developer";
				COPY_PHASE_STRIP = NO;
				DEBUG_INFORMATION_FORMAT = dwarf;
				ENABLE_STRICT_OBJC_MSGSEND = YES;
				ENABLE_TESTABILITY = YES;
				GCC_C_LANGUAGE_STANDARD = gnu99;
				GCC_DYNAMIC_NO_PIC = NO;
				GCC_NO_COMMON_BLOCKS = YES;
				GCC_OPTIMIZATION_LEVEL = 0;
				GCC_PREPROCESSOR_DEFINITIONS = (
					"DEBUG=1",
					"$(inherited)",
				);
				GCC_WARN_64_TO_32_BIT_CONVERSION = YES;
				GCC_WARN_ABOUT_RETURN_TYPE = YES_ERROR;
				GCC_WARN_UNDECLARED_SELECTOR = YES;
				GCC_WARN_UNINITIALIZED_AUTOS = YES_AGGRESSIVE;
				GCC_WARN_UNUSED_FUNCTION = YES;
				GCC_WARN_UNUSED_VARIABLE = YES;
				IPHONEOS_DEPLOYMENT_TARGET = 9.1;
				MTL_ENABLE_DEBUG_INFO = YES;
				ONLY_ACTIVE_ARCH = YES;
				SDKROOT = iphoneos;
			};
			name = Debug;
		};
		247C1B8D1BE0610E005F90C4 /* Release */ = {
			isa = XCBuildConfiguration;
			buildSettings = {
				ALWAYS_SEARCH_USER_PATHS = NO;
				CLANG_CXX_LANGUAGE_STANDARD = "gnu++0x";
				CLANG_CXX_LIBRARY = "libc++";
				CLANG_ENABLE_MODULES = YES;
				CLANG_ENABLE_OBJC_ARC = YES;
				CLANG_WARN_BOOL_CONVERSION = YES;
				CLANG_WARN_CONSTANT_CONVERSION = YES;
				CLANG_WARN_DIRECT_OBJC_ISA_USAGE = YES_ERROR;
				CLANG_WARN_EMPTY_BODY = YES;
				CLANG_WARN_ENUM_CONVERSION = YES;
				CLANG_WARN_INT_CONVERSION = YES;
				CLANG_WARN_OBJC_ROOT_CLASS = YES_ERROR;
				CLANG_WARN_UNREACHABLE_CODE = YES;
				CLANG_WARN__DUPLICATE_METHOD_MATCH = YES;
				"CODE_SIGN_IDENTITY[sdk=iphoneos*]" = "iPhone Developer";
				COPY_PHASE_STRIP = NO;
				DEBUG_INFORMATION_FORMAT = "dwarf-with-dsym";
				ENABLE_NS_ASSERTIONS = NO;
				ENABLE_STRICT_OBJC_MSGSEND = YES;
				GCC_C_LANGUAGE_STANDARD = gnu99;
				GCC_NO_COMMON_BLOCKS = YES;
				GCC_WARN_64_TO_32_BIT_CONVERSION = YES;
				GCC_WARN_ABOUT_RETURN_TYPE = YES_ERROR;
				GCC_WARN_UNDECLARED_SELECTOR = YES;
				GCC_WARN_UNINITIALIZED_AUTOS = YES_AGGRESSIVE;
				GCC_WARN_UNUSED_FUNCTION = YES;
				GCC_WARN_UNUSED_VARIABLE = YES;
				IPHONEOS_DEPLOYMENT_TARGET = 9.1;
				MTL_ENABLE_DEBUG_INFO = NO;
				SDKROOT = iphoneos;
				VALIDATE_PRODUCT = YES;
			};
			name = Release;
		};
		247C1B8F1BE0610E005F90C4 /* Debug */ = {
			isa = XCBuildConfiguration;
			buildSettings = {
				ASSETCATALOG_COMPILER_APPICON_NAME = AppIcon;
				INFOPLIST_FILE = Wcxin/Info.plist;
				LD_RUNPATH_SEARCH_PATHS = "$(inherited) @executable_path/Frameworks";
				PRODUCT_BUNDLE_IDENTIFIER = com.fosung.Wcxin;
				PRODUCT_NAME = "$(TARGET_NAME)";
			};
			name = Debug;
		};
		247C1B901BE0610E005F90C4 /* Release */ = {
			isa = XCBuildConfiguration;
			buildSettings = {
				ASSETCATALOG_COMPILER_APPICON_NAME = AppIcon;
				INFOPLIST_FILE = Wcxin/Info.plist;
				LD_RUNPATH_SEARCH_PATHS = "$(inherited) @executable_path/Frameworks";
				PRODUCT_BUNDLE_IDENTIFIER = com.fosung.Wcxin;
				PRODUCT_NAME = "$(TARGET_NAME)";
			};
			name = Release;
		};
		247C1B921BE0610E005F90C4 /* Debug */ = {
			isa = XCBuildConfiguration;
			buildSettings = {
				BUNDLE_LOADER = "$(TEST_HOST)";
				INFOPLIST_FILE = WcxinTests/Info.plist;
				LD_RUNPATH_SEARCH_PATHS = "$(inherited) @executable_path/Frameworks @loader_path/Frameworks";
				PRODUCT_BUNDLE_IDENTIFIER = com.fosung.WcxinTests;
				PRODUCT_NAME = "$(TARGET_NAME)";
				TEST_HOST = "$(BUILT_PRODUCTS_DIR)/Wcxin.app/Wcxin";
			};
			name = Debug;
		};
		247C1B931BE0610E005F90C4 /* Release */ = {
			isa = XCBuildConfiguration;
			buildSettings = {
				BUNDLE_LOADER = "$(TEST_HOST)";
				INFOPLIST_FILE = WcxinTests/Info.plist;
				LD_RUNPATH_SEARCH_PATHS = "$(inherited) @executable_path/Frameworks @loader_path/Frameworks";
				PRODUCT_BUNDLE_IDENTIFIER = com.fosung.WcxinTests;
				PRODUCT_NAME = "$(TARGET_NAME)";
				TEST_HOST = "$(BUILT_PRODUCTS_DIR)/Wcxin.app/Wcxin";
			};
			name = Release;
		};
		247C1B951BE0610E005F90C4 /* Debug */ = {
			isa = XCBuildConfiguration;
			buildSettings = {
				INFOPLIST_FILE = WcxinUITests/Info.plist;
				LD_RUNPATH_SEARCH_PATHS = "$(inherited) @executable_path/Frameworks @loader_path/Frameworks";
				PRODUCT_BUNDLE_IDENTIFIER = com.fosung.WcxinUITests;
				PRODUCT_NAME = "$(TARGET_NAME)";
				TEST_TARGET_NAME = Wcxin;
				USES_XCTRUNNER = YES;
			};
			name = Debug;
		};
		247C1B961BE0610E005F90C4 /* Release */ = {
			isa = XCBuildConfiguration;
			buildSettings = {
				INFOPLIST_FILE = WcxinUITests/Info.plist;
				LD_RUNPATH_SEARCH_PATHS = "$(inherited) @executable_path/Frameworks @loader_path/Frameworks";
				PRODUCT_BUNDLE_IDENTIFIER = com.fosung.WcxinUITests;
				PRODUCT_NAME = "$(TARGET_NAME)";
				TEST_TARGET_NAME = Wcxin;
				USES_XCTRUNNER = YES;
			};
			name = Release;
		};
/* End XCBuildConfiguration section */

/* Begin XCConfigurationList section */
		247C1B5C1BE0610E005F90C4 /* Build configuration list for PBXProject "Wcxin" */ = {
			isa = XCConfigurationList;
			buildConfigurations = (
				247C1B8C1BE0610E005F90C4 /* Debug */,
				247C1B8D1BE0610E005F90C4 /* Release */,
			);
			defaultConfigurationIsVisible = 0;
			defaultConfigurationName = Release;
		};
		247C1B8E1BE0610E005F90C4 /* Build configuration list for PBXNativeTarget "Wcxin" */ = {
			isa = XCConfigurationList;
			buildConfigurations = (
				247C1B8F1BE0610E005F90C4 /* Debug */,
				247C1B901BE0610E005F90C4 /* Release */,
			);
			defaultConfigurationIsVisible = 0;
		};
		247C1B911BE0610E005F90C4 /* Build configuration list for PBXNativeTarget "WcxinTests" */ = {
			isa = XCConfigurationList;
			buildConfigurations = (
				247C1B921BE0610E005F90C4 /* Debug */,
				247C1B931BE0610E005F90C4 /* Release */,
			);
			defaultConfigurationIsVisible = 0;
		};
		247C1B941BE0610E005F90C4 /* Build configuration list for PBXNativeTarget "WcxinUITests" */ = {
			isa = XCConfigurationList;
			buildConfigurations = (
				247C1B951BE0610E005F90C4 /* Debug */,
				247C1B961BE0610E005F90C4 /* Release */,
			);
			defaultConfigurationIsVisible = 0;
		};
/* End XCConfigurationList section */
	};
	rootObject = 247C1B591BE0610E005F90C4 /* Project object */;
}
